
Microsoft Visual Studio Solution File, Format Version 12.00
# Visual Studio Version 16
VisualStudioVersion = 16.0.29709.97
MinimumVisualStudioVersion = 10.0.40219.1
Project("{2150E333-8FDC-42A3-9474-1A3956D46DE8}") = "1 - Presentation", "1 - Presentation", "{253BB73D-44CC-49F6-BC81-60D9B81CCA77}"
EndProject
Project("{2150E333-8FDC-42A3-9474-1A3956D46DE8}") = "2 - Service", "2 - Service", "{39C14886-A5AC-46CC-BD2D-3A7793C77E05}"
EndProject
Project("{2150E333-8FDC-42A3-9474-1A3956D46DE8}") = "3 - Application", "3 - Application", "{35402B96-1EAD-4ED2-8A5B-E768B7C34710}"
EndProject
Project("{2150E333-8FDC-42A3-9474-1A3956D46DE8}") = "4 - Domain", "4 - Domain", "{6B98BA88-4ED5-4526-958F-C98F4000A79C}"
EndProject
Project("{2150E333-8FDC-42A3-9474-1A3956D46DE8}") = "5 - Infra", "5 - Infra", "{02A13F07-DB5D-43A9-885C-9CBF4EBDECA1}"
EndProject
Project("{2150E333-8FDC-42A3-9474-1A3956D46DE8}") = "5.1 - Data", "5.1 - Data", "{E7C3E0D2-FB8F-4088-80F5-A41B0714D090}"
EndProject
Project("{2150E333-8FDC-42A3-9474-1A3956D46DE8}") = "5.2 - CrossCutting", "5.2 - CrossCutting", "{64B0F289-F698-4D74-BB70-62FB4E8859CE}"
EndProject
Project("{FAE04EC0-301F-11D3-BF4B-00C04F79EFBC}") = "COVID.Application", "src\COVID.Application\COVID.Application.csproj", "{D4DA265B-A478-42E8-BDB6-6AACF1CF9B1F}"
EndProject
Project("{FAE04EC0-301F-11D3-BF4B-00C04F79EFBC}") = "COVID.Domain", "src\COVID.Domain\COVID.Domain.csproj", "{F24BFADD-93F7-404E-9283-9B957143DFF2}"
EndProject
Project("{FAE04EC0-301F-11D3-BF4B-00C04F79EFBC}") = "COVID.Infra.Data", "src\COVID.Infra.Data\COVID.Infra.Data.csproj", "{CD8A3F81-D047-4C17-9005-41A794888F79}"
EndProject
Project("{FAE04EC0-301F-11D3-BF4B-00C04F79EFBC}") = "COVID.Infra.CrossCutting", "src\COVID.Infra.CrossCutting\COVID.Infra.CrossCutting.csproj", "{6CA249B0-6B4A-428A-8E1D-8DED9C5A4690}"
EndProject
Project("{FAE04EC0-301F-11D3-BF4B-00C04F79EFBC}") = "COVID.Service.Api", "src\COVID.Service.Api\COVID.Service.Api.csproj", "{424D4B82-201A-4B44-BFB9-B41BD3AC051D}"
EndProject
Global
	GlobalSection(SolutionConfigurationPlatforms) = preSolution
		Debug|Any CPU = Debug|Any CPU
		Release|Any CPU = Release|Any CPU
	EndGlobalSection
	GlobalSection(ProjectConfigurationPlatforms) = postSolution
		{D4DA265B-A478-42E8-BDB6-6AACF1CF9B1F}.Debug|Any CPU.ActiveCfg = Debug|Any CPU
		{D4DA265B-A478-42E8-BDB6-6AACF1CF9B1F}.Debug|Any CPU.Build.0 = Debug|Any CPU
		{D4DA265B-A478-42E8-BDB6-6AACF1CF9B1F}.Release|Any CPU.ActiveCfg = Release|Any CPU
		{D4DA265B-A478-42E8-BDB6-6AACF1CF9B1F}.Release|Any CPU.Build.0 = Release|Any CPU
		{F24BFADD-93F7-404E-9283-9B957143DFF2}.Debug|Any CPU.ActiveCfg = Debug|Any CPU
		{F24BFADD-93F7-404E-9283-9B957143DFF2}.Debug|Any CPU.Build.0 = Debug|Any CPU
		{F24BFADD-93F7-404E-9283-9B957143DFF2}.Release|Any CPU.ActiveCfg = Release|Any CPU
		{F24BFADD-93F7-404E-9283-9B957143DFF2}.Release|Any CPU.Build.0 = Release|Any CPU
		{CD8A3F81-D047-4C17-9005-41A794888F79}.Debug|Any CPU.ActiveCfg = Debug|Any CPU
		{CD8A3F81-D047-4C17-9005-41A794888F79}.Debug|Any CPU.Build.0 = Debug|Any CPU
		{CD8A3F81-D047-4C17-9005-41A794888F79}.Release|Any CPU.ActiveCfg = Release|Any CPU
		{CD8A3F81-D047-4C17-9005-41A794888F79}.Release|Any CPU.Build.0 = Release|Any CPU
		{6CA249B0-6B4A-428A-8E1D-8DED9C5A4690}.Debug|Any CPU.ActiveCfg = Debug|Any CPU
		{6CA249B0-6B4A-428A-8E1D-8DED9C5A4690}.Debug|Any CPU.Build.0 = Debug|Any CPU
		{6CA249B0-6B4A-428A-8E1D-8DED9C5A4690}.Release|Any CPU.ActiveCfg = Release|Any CPU
		{6CA249B0-6B4A-428A-8E1D-8DED9C5A4690}.Release|Any CPU.Build.0 = Release|Any CPU
		{424D4B82-201A-4B44-BFB9-B41BD3AC051D}.Debug|Any CPU.ActiveCfg = Debug|Any CPU
		{424D4B82-201A-4B44-BFB9-B41BD3AC051D}.Debug|Any CPU.Build.0 = Debug|Any CPU
		{424D4B82-201A-4B44-BFB9-B41BD3AC051D}.Release|Any CPU.ActiveCfg = Release|Any CPU
		{424D4B82-201A-4B44-BFB9-B41BD3AC051D}.Release|Any CPU.Build.0 = Release|Any CPU
	EndGlobalSection
	GlobalSection(SolutionProperties) = preSolution
		HideSolutionNode = FALSE
	EndGlobalSection
	GlobalSection(NestedProjects) = preSolution
		{E7C3E0D2-FB8F-4088-80F5-A41B0714D090} = {02A13F07-DB5D-43A9-885C-9CBF4EBDECA1}
		{64B0F289-F698-4D74-BB70-62FB4E8859CE} = {02A13F07-DB5D-43A9-885C-9CBF4EBDECA1}
		{D4DA265B-A478-42E8-BDB6-6AACF1CF9B1F} = {35402B96-1EAD-4ED2-8A5B-E768B7C34710}
		{F24BFADD-93F7-404E-9283-9B957143DFF2} = {6B98BA88-4ED5-4526-958F-C98F4000A79C}
		{CD8A3F81-D047-4C17-9005-41A794888F79} = {E7C3E0D2-FB8F-4088-80F5-A41B0714D090}
		{6CA249B0-6B4A-428A-8E1D-8DED9C5A4690} = {64B0F289-F698-4D74-BB70-62FB4E8859CE}
		{424D4B82-201A-4B44-BFB9-B41BD3AC051D} = {39C14886-A5AC-46CC-BD2D-3A7793C77E05}
	EndGlobalSection
	GlobalSection(ExtensibilityGlobals) = postSolution
		SolutionGuid = {D9B5832B-93FA-43EA-9739-043AA2D330DC}
	EndGlobalSection
EndGlobal
